{
  "requires": true,
  "lockfileVersion": 1,
  "dependencies": {
    "@angular/core": {
      "version": "10.2.0",
      "resolved": "https://registry.npmjs.org/@angular/core/-/core-10.2.0.tgz",
      "integrity": "sha512-pj+0cIDHMfeTFFrxbxM1qanSqhnA3ybCYMQm+Fs/WAPlLSvB6s/vVhq6tCdicHzd7/fujGXPcb8Hvtx+km8TqQ==",
      "requires": {
        "tslib": "^2.0.0"
      }
    },
    "@angular/platform-browser": {
      "version": "10.2.0",
      "resolved": "https://registry.npmjs.org/@angular/platform-browser/-/platform-browser-10.2.0.tgz",
      "integrity": "sha512-GqO4MH7sddzvirr6AwxPXIfFFQp1+Xs5BCguSajyqt7i1j7vA0mKvFCvO7tIYmJmepWa0YPs9cXtq8nxDAoqVA==",
      "requires": {
        "tslib": "^2.0.0"
      }
    },
    "@angular/platform-browser-dynamic": {
      "version": "10.2.0",
      "resolved": "https://registry.npmjs.org/@angular/platform-browser-dynamic/-/platform-browser-dynamic-10.2.0.tgz",
      "integrity": "sha512-S1yBpoJjQcGrvkoHhy+We1lMi/TONzSAUTYz05WexDC6N8eLX4NpbjOUHxtYH5JfXltQ2B32zycyjwyB2t2ulA==",
      "requires": {
        "tslib": "^2.0.0"
      }
    },
    "bootstrap": {
      "version": "4.5.3",
      "resolved": "https://registry.npmjs.org/bootstrap/-/bootstrap-4.5.3.tgz",
      "integrity": "sha512-o9ppKQioXGqhw8Z7mah6KdTYpNQY//tipnkxppWhPbiSWdD+1raYsnhwEZjkTHYbGee4cVQ0Rx65EhOY/HNLcQ=="
    },
    "tslib": {
      "version": "2.0.3",
      "resolved": "https://registry.npmjs.org/tslib/-/tslib-2.0.3.tgz",
      "integrity": "sha512-uZtkfKblCEQtZKBF6EBXVZeQNl82yqtDQdv+eck8u7tdPxjLu2/lp5/uPW+um2tpuxINHWy3GhiccY7QgEaVHQ=="
    }
  }
}
